hash: d75ab999580f2b66377c9f33ae89e76d85a2c7ff826cb434dd4f93d15f63b60d
updated: 2019-09-18T10:42:46.066596+02:00
imports:
- name: github.com/allegro/bigcache
  version: 69ea0af04088faa57adb9ac683934277141e92a5
  subpackages:
  - queue
- name: github.com/beorn7/perks
  version: 4b2b341e8d7715fae06375aa633dbb6e91b3fb46
  subpackages:
  - quantile
- name: github.com/bwmarrin/snowflake
  version: 3107b1dd8c5258a02e5f63347dc1c30288c75af5
- name: github.com/golang/protobuf
  version: 1643683e1b54a9e88ad26d98f81400c8c9d9f4f9
  subpackages:
  - proto
- name: github.com/matttproud/golang_protobuf_extensions
  version: c12348ce28de40eed0136aa2b644d0ee0650e56c
  subpackages:
  - pbutil
- name: github.com/mitchellh/mapstructure
  version: 3536a929edddb9a5b34bd6861dc4a9647cb459fe
- name: github.com/nbutton23/zxcvbn-go
  version: eafdab6b0663b4b528c35975c8b0e78be6e25261
  subpackages:
  - adjacency
  - data
  - entropy
  - frequency
  - match
  - matching
  - scoring
  - utils/math
- name: github.com/pkg/errors
  version: ba968bfe8b2f7e042a574c888954fccecfa385b4
- name: github.com/prometheus/client_golang
  version: c5b7fccd204277076155f10851dad72b76a49317
  subpackages:
  - prometheus
- name: github.com/prometheus/client_model
  version: fa8ad6fec33561be4280a8f0514318c79d7f6cb6
  subpackages:
  - go
- name: github.com/prometheus/common
  version: 0d5de9d6d8629cb8bee6d4674da4127cd8b615a3
  subpackages:
  - expfmt
  - internal/bitbucket.org/ww/goautoneg
  - model
- name: github.com/prometheus/procfs
  version: abf152e5f3e97f2fafac028d2cc06c1feb87ffa5
- name: github.com/sergi/go-diff
  version: 1744e2970ca51c86172c8190fadad617561ed6e7
  subpackages:
  - diffmatchpatch
- name: github.com/skratchdot/open-golang
  version: 79abb63cd66e41cb1473e26d11ebdcd68b04c8e5
  subpackages:
  - open
- name: github.com/ventu-io/go-shortid
  version: 6c56cef5189ca1b3d5ef01dc07f4d611dfc0bb33
- name: github.com/vmihailenco/msgpack
  version: c2fc210f30a2aca9db880cc017a92c169c999253
  subpackages:
  - codes
- name: golang.org/x/crypto
  version: 88737f569e3a9c7ab309cdc09a07fe7fc87233c3
  subpackages:
  - bcrypt
  - blowfish
- name: golang.org/x/net
  version: 1c05540f6879653db88113bc4a2b70aec4bd491f
  subpackages:
  - context
- name: google.golang.org/appengine
  version: b2f4a3cf3c67576a2ee09e1fe62656a5086ce880
  subpackages:
  - datastore
  - datastore/internal/cloudkey
  - datastore/internal/cloudpb
  - internal
  - internal/app_identity
  - internal/base
  - internal/datastore
  - internal/log
  - internal/modules
  - internal/remote_api
- name: gopkg.in/mgo.v2
  version: 9856a29383ce1c59f308dd1cf0363a79b5bef6b5
  subpackages:
  - bson
  - internal/json
  - internal/sasl
  - internal/scram
testImports:
- name: github.com/davecgh/go-spew
  version: 8991bc29aa16c548c550c7ff78260e27b9ab7c73
  subpackages:
  - spew
- name: github.com/pmezard/go-difflib
  version: 792786c7400a136282c1664665ae0a8db921c6c2
  subpackages:
  - difflib
- name: github.com/stretchr/testify
  version: 221dbe5ed46703ee255b1da0dec05086f5035f62
  subpackages:
  - assert
- name: gopkg.in/yaml.v2
  version: a5b47d31c556af34a302ce5d659e6fea44d90de0
